// !$*UTF8*$!
{
	archiveVersion = 1;
	classes = {
	};
	objectVersion = 48;
	objects = {

/* Begin PBXBuildFile section */
		7E05315820924E6900304C17 /* AppDelegate.m in Sources */ = {isa = PBXBuildFile; fileRef = 7E05315720924E6900304C17 /* AppDelegate.m */; };
		7E05315B20924E6900304C17 /* ViewController.m in Sources */ = {isa = PBXBuildFile; fileRef = 7E05315A20924E6900304C17 /* ViewController.m */; };
		7E05315E20924E6900304C17 /* Main.storyboard in Resources */ = {isa = PBXBuildFile; fileRef = 7E05315C20924E6900304C17 /* Main.storyboard */; };
		7E05316020924E6900304C17 /* Assets.xcassets in Resources */ = {isa = PBXBuildFile; fileRef = 7E05315F20924E6900304C17 /* Assets.xcassets */; };
		7E05316320924E6900304C17 /* LaunchScreen.storyboard in Resources */ = {isa = PBXBuildFile; fileRef = 7E05316120924E6900304C17 /* LaunchScreen.storyboard */; };
		7E05316620924E6900304C17 /* main.m in Sources */ = {isa = PBXBuildFile; fileRef = 7E05316520924E6900304C17 /* main.m */; };
		7E05317020924E6A00304C17 /* GitRepoJsonTests.m in Sources */ = {isa = PBXBuildFile; fileRef = 7E05316F20924E6A00304C17 /* GitRepoJsonTests.m */; };
		7E05317B20924E6A00304C17 /* GitRepoJsonUITests.m in Sources */ = {isa = PBXBuildFile; fileRef = 7E05317A20924E6A00304C17 /* GitRepoJsonUITests.m */; };
		7E05318A209250EA00304C17 /* TableViewCell.m in Sources */ = {isa = PBXBuildFile; fileRef = 7E053189209250EA00304C17 /* TableViewCell.m */; };
		7E05318D2092523E00304C17 /* Repo.m in Sources */ = {isa = PBXBuildFile; fileRef = 7E05318C2092523E00304C17 /* Repo.m */; };
/* End PBXBuildFile section */

/* Begin PBXContainerItemProxy section */
		7E05316C20924E6A00304C17 /* PBXContainerItemProxy */ = {
			isa = PBXContainerItemProxy;
			containerPortal = 7E05314B20924E6900304C17 /* Project object */;
			proxyType = 1;
			remoteGlobalIDString = 7E05315220924E6900304C17;
			remoteInfo = GitRepoJson;
		};
		7E05317720924E6A00304C17 /* PBXContainerItemProxy */ = {
			isa = PBXContainerItemProxy;
			containerPortal = 7E05314B20924E6900304C17 /* Project object */;
			proxyType = 1;
			remoteGlobalIDString = 7E05315220924E6900304C17;
			remoteInfo = GitRepoJson;
		};
/* End PBXContainerItemProxy section */

/* Begin PBXFileReference section */
		7E05315320924E6900304C17 /* GitRepoJson.app */ = {isa = PBXFileReference; explicitFileType = wrapper.application; includeInIndex = 0; path = GitRepoJson.app; sourceTree = BUILT_PRODUCTS_DIR; };
		7E05315620924E6900304C17 /* AppDelegate.h */ = {isa = PBXFileReference; lastKnownFileType = sourcecode.c.h; path = AppDelegate.h; sourceTree = "<group>"; };
		7E05315720924E6900304C17 /* AppDelegate.m */ = {isa = PBXFileReference; lastKnownFileType = sourcecode.c.objc; path = AppDelegate.m; sourceTree = "<group>"; };
		7E05315920924E6900304C17 /* ViewController.h */ = {isa = PBXFileReference; lastKnownFileType = sourcecode.c.h; path = ViewController.h; sourceTree = "<group>"; };
		7E05315A20924E6900304C17 /* ViewController.m */ = {isa = PBXFileReference; lastKnownFileType = sourcecode.c.objc; path = ViewController.m; sourceTree = "<group>"; };
		7E05315D20924E6900304C17 /* Base */ = {isa = PBXFileReference; lastKnownFileType = file.storyboard; name = Base; path = Base.lproj/Main.storyboard; sourceTree = "<group>"; };
		7E05315F20924E6900304C17 /* Assets.xcassets */ = {isa = PBXFileReference; lastKnownFileType = folder.assetcatalog; path = Assets.xcassets; sourceTree = "<group>"; };
		7E05316220924E6900304C17 /* Base */ = {isa = PBXFileReference; lastKnownFileType = file.storyboard; name = Base; path = Base.lproj/LaunchScreen.storyboard; sourceTree = "<group>"; };
		7E05316420924E6900304C17 /* Info.plist */ = {isa = PBXFileReference; lastKnownFileType = text.plist.xml; path = Info.plist; sourceTree = "<group>"; };
		7E05316520924E6900304C17 /* main.m */ = {isa = PBXFileReference; lastKnownFileType = sourcecode.c.objc; path = main.m; sourceTree = "<group>"; };
		7E05316B20924E6900304C17 /* GitRepoJsonTests.xctest */ = {isa = PBXFileReference; explicitFileType = wrapper.cfbundle; includeInIndex = 0; path = GitRepoJsonTests.xctest; sourceTree = BUILT_PRODUCTS_DIR; };
		7E05316F20924E6A00304C17 /* GitRepoJsonTests.m */ = {isa = PBXFileReference; lastKnownFileType = sourcecode.c.objc; path = GitRepoJsonTests.m; sourceTree = "<group>"; };
		7E05317120924E6A00304C17 /* Info.plist */ = {isa = PBXFileReference; lastKnownFileType = text.plist.xml; path = Info.plist; sourceTree = "<group>"; };
		7E05317620924E6A00304C17 /* GitRepoJsonUITests.xctest */ = {isa = PBXFileReference; explicitFileType = wrapper.cfbundle; includeInIndex = 0; path = GitRepoJsonUITests.xctest; sourceTree = BUILT_PRODUCTS_DIR; };
		7E05317A20924E6A00304C17 /* GitRepoJsonUITests.m */ = {isa = PBXFileReference; lastKnownFileType = sourcecode.c.objc; path = GitRepoJsonUITests.m; sourceTree = "<group>"; };
		7E05317C20924E6A00304C17 /* Info.plist */ = {isa = PBXFileReference; lastKnownFileType = text.plist.xml; path = Info.plist; sourceTree = "<group>"; };
		7E053188209250EA00304C17 /* TableViewCell.h */ = {isa = PBXFileReference; lastKnownFileType = sourcecode.c.h; path = TableViewCell.h; sourceTree = "<group>"; };
		7E053189209250EA00304C17 /* TableViewCell.m */ = {isa = PBXFileReference; lastKnownFileType = sourcecode.c.objc; path = TableViewCell.m; sourceTree = "<group>"; };
		7E05318B2092523E00304C17 /* Repo.h */ = {isa = PBXFileReference; lastKnownFileType = sourcecode.c.h; path = Repo.h; sourceTree = "<group>"; };
		7E05318C2092523E00304C17 /* Repo.m */ = {isa = PBXFileReference; lastKnownFileType = sourcecode.c.objc; path = Repo.m; sourceTree = "<group>"; };
/* End PBXFileReference section */

/* Begin PBXFrameworksBuildPhase section */
		7E05315020924E6900304C17 /* Frameworks */ = {
			isa = PBXFrameworksBuildPhase;
			buildActionMask = 2147483647;
			files = (
			);
			runOnlyForDeploymentPostprocessing = 0;
		};
		7E05316820924E6900304C17 /* Frameworks */ = {
			isa = PBXFrameworksBuildPhase;
			buildActionMask = 2147483647;
			files = (
			);
			runOnlyForDeploymentPostprocessing = 0;
		};
		7E05317320924E6A00304C17 /* Frameworks */ = {
			isa = PBXFrameworksBuildPhase;
			buildActionMask = 2147483647;
			files = (
			);
			runOnlyForDeploymentPostprocessing = 0;
		};
/* End PBXFrameworksBuildPhase section */

/* Begin PBXGroup section */
		7E05314A20924E6900304C17 = {
			isa = PBXGroup;
			children = (
				7E05315520924E6900304C17 /* GitRepoJson */,
				7E05316E20924E6A00304C17 /* GitRepoJsonTests */,
				7E05317920924E6A00304C17 /* GitRepoJsonUITests */,
				7E05315420924E6900304C17 /* Products */,
			);
			sourceTree = "<group>";
		};
		7E05315420924E6900304C17 /* Products */ = {
			isa = PBXGroup;
			children = (
				7E05315320924E6900304C17 /* GitRepoJson.app */,
				7E05316B20924E6900304C17 /* GitRepoJsonTests.xctest */,
				7E05317620924E6A00304C17 /* GitRepoJsonUITests.xctest */,
			);
			name = Products;
			sourceTree = "<group>";
		};
		7E05315520924E6900304C17 /* GitRepoJson */ = {
			isa = PBXGroup;
			children = (
				7E05315620924E6900304C17 /* AppDelegate.h */,
				7E05315720924E6900304C17 /* AppDelegate.m */,
				7E05315920924E6900304C17 /* ViewController.h */,
				7E05315A20924E6900304C17 /* ViewController.m */,
				7E05318B2092523E00304C17 /* Repo.h */,
				7E05318C2092523E00304C17 /* Repo.m */,
				7E05315C20924E6900304C17 /* Main.storyboard */,
				7E053188209250EA00304C17 /* TableViewCell.h */,
				7E053189209250EA00304C17 /* TableViewCell.m */,
				7E05315F20924E6900304C17 /* Assets.xcassets */,
				7E05316120924E6900304C17 /* LaunchScreen.storyboard */,
				7E05316420924E6900304C17 /* Info.plist */,
				7E05316520924E6900304C17 /* main.m */,
			);
			path = GitRepoJson;
			sourceTree = "<group>";
		};
		7E05316E20924E6A00304C17 /* GitRepoJsonTests */ = {
			isa = PBXGroup;
			children = (
				7E05316F20924E6A00304C17 /* GitRepoJsonTests.m */,
				7E05317120924E6A00304C17 /* Info.plist */,
			);
			path = GitRepoJsonTests;
			sourceTree = "<group>";
		};
		7E05317920924E6A00304C17 /* GitRepoJsonUITests */ = {
			isa = PBXGroup;
			children = (
				7E05317A20924E6A00304C17 /* GitRepoJsonUITests.m */,
				7E05317C20924E6A00304C17 /* Info.plist */,
			);
			path = GitRepoJsonUITests;
			sourceTree = "<group>";
		};
/* End PBXGroup section */

/* Begin PBXNativeTarget section */
		7E05315220924E6900304C17 /* GitRepoJson */ = {
			isa = PBXNativeTarget;
			buildConfigurationList = 7E05317F20924E6A00304C17 /* Build configuration list for PBXNativeTarget "GitRepoJson" */;
			buildPhases = (
				7E05314F20924E6900304C17 /* Sources */,
				7E05315020924E6900304C17 /* Frameworks */,
				7E05315120924E6900304C17 /* Resources */,
			);
			buildRules = (
			);
			dependencies = (
			);
			name = GitRepoJson;
			productName = GitRepoJson;
			productReference = 7E05315320924E6900304C17 /* GitRepoJson.app */;
			productType = "com.apple.product-type.application";
		};
		7E05316A20924E6900304C17 /* GitRepoJsonTests */ = {
			isa = PBXNativeTarget;
			buildConfigurationList = 7E05318220924E6A00304C17 /* Build configuration list for PBXNativeTarget "GitRepoJsonTests" */;
			buildPhases = (
				7E05316720924E6900304C17 /* Sources */,
				7E05316820924E6900304C17 /* Frameworks */,
				7E05316920924E6900304C17 /* Resources */,
			);
			buildRules = (
			);
			dependencies = (
				7E05316D20924E6A00304C17 /* PBXTargetDependency */,
			);
			name = GitRepoJsonTests;
			productName = GitRepoJsonTests;
			productReference = 7E05316B20924E6900304C17 /* GitRepoJsonTests.xctest */;
			productType = "com.apple.product-type.bundle.unit-test";
		};
		7E05317520924E6A00304C17 /* GitRepoJsonUITests */ = {
			isa = PBXNativeTarget;
			buildConfigurationList = 7E05318520924E6A00304C17 /* Build configuration list for PBXNativeTarget "GitRepoJsonUITests" */;
			buildPhases = (
				7E05317220924E6A00304C17 /* Sources */,
				7E05317320924E6A00304C17 /* Frameworks */,
				7E05317420924E6A00304C17 /* Resources */,
			);
			buildRules = (
			);
			dependencies = (
				7E05317820924E6A00304C17 /* PBXTargetDependency */,
			);
			name = GitRepoJsonUITests;
			productName = GitRepoJsonUITests;
			productReference = 7E05317620924E6A00304C17 /* GitRepoJsonUITests.xctest */;
			productType = "com.apple.product-type.bundle.ui-testing";
		};
/* End PBXNativeTarget section */

/* Begin PBXProject section */
		7E05314B20924E6900304C17 /* Project object */ = {
			isa = PBXProject;
			attributes = {
				LastUpgradeCheck = 0920;
				ORGANIZATIONNAME = "Tyler Boudreau";
				TargetAttributes = {
					7E05315220924E6900304C17 = {
						CreatedOnToolsVersion = 9.2;
						ProvisioningStyle = Automatic;
					};
					7E05316A20924E6900304C17 = {
						CreatedOnToolsVersion = 9.2;
						ProvisioningStyle = Automatic;
						TestTargetID = 7E05315220924E6900304C17;
					};
					7E05317520924E6A00304C17 = {
						CreatedOnToolsVersion = 9.2;
						ProvisioningStyle = Automatic;
						TestTargetID = 7E05315220924E6900304C17;
					};
				};
			};
			buildConfigurationList = 7E05314E20924E6900304C17 /* Build configuration list for PBXProject "GitRepoJson" */;
			compatibilityVersion = "Xcode 8.0";
			developmentRegion = en;
			hasScannedForEncodings = 0;
			knownRegions = (
				en,
				Base,
			);
			mainGroup = 7E05314A20924E6900304C17;
			productRefGroup = 7E05315420924E6900304C17 /* Products */;
			projectDirPath = "";
			projectRoot = "";
			targets = (
				7E05315220924E6900304C17 /* GitRepoJson */,
				7E05316A20924E6900304C17 /* GitRepoJsonTests */,
				7E05317520924E6A00304C17 /* GitRepoJsonUITests */,
			);
		};
/* End PBXProject section */

/* Begin PBXResourcesBuildPhase section */
		7E05315120924E6900304C17 /* Resources */ = {
			isa = PBXResourcesBuildPhase;
			buildActionMask = 2147483647;
			files = (
				7E05316320924E6900304C17 /* LaunchScreen.storyboard in Resources */,
				7E05316020924E6900304C17 /* Assets.xcassets in Resources */,
				7E05315E20924E6900304C17 /* Main.storyboard in Resources */,
			);
			runOnlyForDeploymentPostprocessing = 0;
		};
		7E05316920924E6900304C17 /* Resources */ = {
			isa = PBXResourcesBuildPhase;
			buildActionMask = 2147483647;
			files = (
			);
			runOnlyForDeploymentPostprocessing = 0;
		};
		7E05317420924E6A00304C17 /* Resources */ = {
			isa = PBXResourcesBuildPhase;
			buildActionMask = 2147483647;
			files = (
			);
			runOnlyForDeploymentPostprocessing = 0;
		};
/* End PBXResourcesBuildPhase section */

/* Begin PBXSourcesBuildPhase section */
		7E05314F20924E6900304C17 /* Sources */ = {
			isa = PBXSourcesBuildPhase;
			buildActionMask = 2147483647;
			files = (
				7E05318D2092523E00304C17 /* Repo.m in Sources */,
				7E05315B20924E6900304C17 /* ViewController.m in Sources */,
				7E05318A209250EA00304C17 /* TableViewCell.m in Sources */,
				7E05316620924E6900304C17 /* main.m in Sources */,
				7E05315820924E6900304C17 /* AppDelegate.m in Sources */,
			);
			runOnlyForDeploymentPostprocessing = 0;
		};
		7E05316720924E6900304C17 /* Sources */ = {
			isa = PBXSourcesBuildPhase;
			buildActionMask = 2147483647;
			files = (
				7E05317020924E6A00304C17 /* GitRepoJsonTests.m in Sources */,
			);
			runOnlyForDeploymentPostprocessing = 0;
		};
		7E05317220924E6A00304C17 /* Sources */ = {
			isa = PBXSourcesBuildPhase;
			buildActionMask = 2147483647;
			files = (
				7E05317B20924E6A00304C17 /* GitRepoJsonUITests.m in Sources */,
			);
			runOnlyForDeploymentPostprocessing = 0;
		};
/* End PBXSourcesBuildPhase section */

/* Begin PBXTargetDependency section */
		7E05316D20924E6A00304C17 /* PBXTargetDependency */ = {
			isa = PBXTargetDependency;
			target = 7E05315220924E6900304C17 /* GitRepoJson */;
			targetProxy = 7E05316C20924E6A00304C17 /* PBXContainerItemProxy */;
		};
		7E05317820924E6A00304C17 /* PBXTargetDependency */ = {
			isa = PBXTargetDependency;
			target = 7E05315220924E6900304C17 /* GitRepoJson */;
			targetProxy = 7E05317720924E6A00304C17 /* PBXContainerItemProxy */;
		};
/* End PBXTargetDependency section */

/* Begin PBXVariantGroup section */
		7E05315C20924E6900304C17 /* Main.storyboard */ = {
			isa = PBXVariantGroup;
			children = (
				7E05315D20924E6900304C17 /* Base */,
			);
			name = Main.storyboard;
			sourceTree = "<group>";
		};
		7E05316120924E6900304C17 /* LaunchScreen.storyboard */ = {
			isa = PBXVariantGroup;
			children = (
				7E05316220924E6900304C17 /* Base */,
			);
			name = LaunchScreen.storyboard;
			sourceTree = "<group>";
		};
/* End PBXVariantGroup section */

/* Begin XCBuildConfiguration section */
		7E05317D20924E6A00304C17 /* Debug */ = {
			isa = XCBuildConfiguration;
			buildSettings = {
				ALWAYS_SEARCH_USER_PATHS = NO;
				CLANG_ANALYZER_NONNULL = YES;
				CLANG_ANALYZER_NUMBER_OBJECT_CONVERSION = YES_AGGRESSIVE;
				CLANG_CXX_LANGUAGE_STANDARD = "gnu++14";
				CLANG_CXX_LIBRARY = "libc++";
				CLANG_ENABLE_MODULES = YES;
				CLANG_ENABLE_OBJC_ARC = YES;
				CLANG_WARN_BLOCK_CAPTURE_AUTORELEASING = YES;
				CLANG_WARN_BOOL_CONVERSION = YES;
				CLANG_WARN_COMMA = YES;
				CLANG_WARN_CONSTANT_CONVERSION = YES;
				CLANG_WARN_DIRECT_OBJC_ISA_USAGE = YES_ERROR;
				CLANG_WARN_DOCUMENTATION_COMMENTS = YES;
				CLANG_WARN_EMPTY_BODY = YES;
				CLANG_WARN_ENUM_CONVERSION = YES;
				CLANG_WARN_INFINITE_RECURSION = YES;
				CLANG_WARN_INT_CONVERSION = YES;
				CLANG_WARN_NON_LITERAL_NULL_CONVERSION = YES;
				CLANG_WARN_OBJC_LITERAL_CONVERSION = YES;
				CLANG_WARN_OBJC_ROOT_CLASS = YES_ERROR;
				CLANG_WARN_RANGE_LOOP_ANALYSIS = YES;
				CLANG_WARN_STRICT_PROTOTYPES = YES;
				CLANG_WARN_SUSPICIOUS_MOVE = YES;
				CLANG_WARN_UNGUARDED_AVAILABILITY = YES_AGGRESSIVE;
				CLANG_WARN_UNREACHABLE_CODE = YES;
				CLANG_WARN__DUPLICATE_METHOD_MATCH = YES;
				CODE_SIGN_IDENTITY = "iPhone Developer";
				COPY_PHASE_STRIP = NO;
				DEBUG_INFORMATION_FORMAT = dwarf;
				ENABLE_STRICT_OBJC_MSGSEND = YES;
				ENABLE_TESTABILITY = YES;
				GCC_C_LANGUAGE_STANDARD = gnu11;
				GCC_DYNAMIC_NO_PIC = NO;
				GCC_NO_COMMON_BLOCKS = YES;
				GCC_OPTIMIZATION_LEVEL = 0;
				GCC_PREPROCESSOR_DEFINITIONS = (
					"DEBUG=1",
					"$(inherited)",
				);
				GCC_WARN_64_TO_32_BIT_CONVERSION = YES;
				GCC_WARN_ABOUT_RETURN_TYPE = YES_ERROR;
				GCC_WARN_UNDECLARED_SELECTOR = YES;
				GCC_WARN_UNINITIALIZED_AUTOS = YES_AGGRESSIVE;
				GCC_WARN_UNUSED_FUNCTION = YES;
				GCC_WARN_UNUSED_VARIABLE = YES;
				IPHONEOS_DEPLOYMENT_TARGET = 11.2;
				MTL_ENABLE_DEBUG_INFO = YES;
				ONLY_ACTIVE_ARCH = YES;
				SDKROOT = iphoneos;
			};
			name = Debug;
		};
		7E05317E20924E6A00304C17 /* Release */ = {
			isa = XCBuildConfiguration;
			buildSettings = {
				ALWAYS_SEARCH_USER_PATHS = NO;
				CLANG_ANALYZER_NONNULL = YES;
				CLANG_ANALYZER_NUMBER_OBJECT_CONVERSION = YES_AGGRESSIVE;
				CLANG_CXX_LANGUAGE_STANDARD = "gnu++14";
				CLANG_CXX_LIBRARY = "libc++";
				CLANG_ENABLE_MODULES = YES;
				CLANG_ENABLE_OBJC_ARC = YES;
				CLANG_WARN_BLOCK_CAPTURE_AUTORELEASING = YES;
				CLANG_WARN_BOOL_CONVERSION = YES;
				CLANG_WARN_COMMA = YES;
				CLANG_WARN_CONSTANT_CONVERSION = YES;
				CLANG_WARN_DIRECT_OBJC_ISA_USAGE = YES_ERROR;
				CLANG_WARN_DOCUMENTATION_COMMENTS = YES;
				CLANG_WARN_EMPTY_BODY = YES;
				CLANG_WARN_ENUM_CONVERSION = YES;
				CLANG_WARN_INFINITE_RECURSION = YES;
				CLANG_WARN_INT_CONVERSION = YES;
				CLANG_WARN_NON_LITERAL_NULL_CONVERSION = YES;
				CLANG_WARN_OBJC_LITERAL_CONVERSION = YES;
				CLANG_WARN_OBJC_ROOT_CLASS = YES_ERROR;
				CLANG_WARN_RANGE_LOOP_ANALYSIS = YES;
				CLANG_WARN_STRICT_PROTOTYPES = YES;
				CLANG_WARN_SUSPICIOUS_MOVE = YES;
				CLANG_WARN_UNGUARDED_AVAILABILITY = YES_AGGRESSIVE;
				CLANG_WARN_UNREACHABLE_CODE = YES;
				CLANG_WARN__DUPLICATE_METHOD_MATCH = YES;
				CODE_SIGN_IDENTITY = "iPhone Developer";
				COPY_PHASE_STRIP = NO;
				DEBUG_INFORMATION_FORMAT = "dwarf-with-dsym";
				ENABLE_NS_ASSERTIONS = NO;
				ENABLE_STRICT_OBJC_MSGSEND = YES;
				GCC_C_LANGUAGE_STANDARD = gnu11;
				GCC_NO_COMMON_BLOCKS = YES;
				GCC_WARN_64_TO_32_BIT_CONVERSION = YES;
				GCC_WARN_ABOUT_RETURN_TYPE = YES_ERROR;
				GCC_WARN_UNDECLARED_SELECTOR = YES;
				GCC_WARN_UNINITIALIZED_AUTOS = YES_AGGRESSIVE;
				GCC_WARN_UNUSED_FUNCTION = YES;
				GCC_WARN_UNUSED_VARIABLE = YES;
				IPHONEOS_DEPLOYMENT_TARGET = 11.2;
				MTL_ENABLE_DEBUG_INFO = NO;
				SDKROOT = iphoneos;
				VALIDATE_PRODUCT = YES;
			};
			name = Release;
		};
		7E05318020924E6A00304C17 /* Debug */ = {
			isa = XCBuildConfiguration;
			buildSettings = {
				ASSETCATALOG_COMPILER_APPICON_NAME = AppIcon;
				CODE_SIGN_STYLE = Automatic;
				INFOPLIST_FILE = GitRepoJson/Info.plist;
				LD_RUNPATH_SEARCH_PATHS = "$(inherited) @executable_path/Frameworks";
				PRODUCT_BUNDLE_IDENTIFIER = com.tylerboudreau.GitRepoJson;
				PRODUCT_NAME = "$(TARGET_NAME)";
				TARGETED_DEVICE_FAMILY = "1,2";
			};
			name = Debug;
		};
		7E05318120924E6A00304C17 /* Release */ = {
			isa = XCBuildConfiguration;
			buildSettings = {
				ASSETCATALOG_COMPILER_APPICON_NAME = AppIcon;
				CODE_SIGN_STYLE = Automatic;
				INFOPLIST_FILE = GitRepoJson/Info.plist;
				LD_RUNPATH_SEARCH_PATHS = "$(inherited) @executable_path/Frameworks";
				PRODUCT_BUNDLE_IDENTIFIER = com.tylerboudreau.GitRepoJson;
				PRODUCT_NAME = "$(TARGET_NAME)";
				TARGETED_DEVICE_FAMILY = "1,2";
			};
			name = Release;
		};
		7E05318320924E6A00304C17 /* Debug */ = {
			isa = XCBuildConfiguration;
			buildSettings = {
				BUNDLE_LOADER = "$(TEST_HOST)";
				CODE_SIGN_STYLE = Automatic;
				INFOPLIST_FILE = GitRepoJsonTests/Info.plist;
				LD_RUNPATH_SEARCH_PATHS = "$(inherited) @executable_path/Frameworks @loader_path/Frameworks";
				PRODUCT_BUNDLE_IDENTIFIER = com.tylerboudreau.GitRepoJsonTests;
				PRODUCT_NAME = "$(TARGET_NAME)";
				TARGETED_DEVICE_FAMILY = "1,2";
				TEST_HOST = "$(BUILT_PRODUCTS_DIR)/GitRepoJson.app/GitRepoJson";
			};
			name = Debug;
		};
		7E05318420924E6A00304C17 /* Release */ = {
			isa = XCBuildConfiguration;
			buildSettings = {
				BUNDLE_LOADER = "$(TEST_HOST)";
				CODE_SIGN_STYLE = Automatic;
				INFOPLIST_FILE = GitRepoJsonTests/Info.plist;
				LD_RUNPATH_SEARCH_PATHS = "$(inherited) @executable_path/Frameworks @loader_path/Frameworks";
				PRODUCT_BUNDLE_IDENTIFIER = com.tylerboudreau.GitRepoJsonTests;
				PRODUCT_NAME = "$(TARGET_NAME)";
				TARGETED_DEVICE_FAMILY = "1,2";
				TEST_HOST = "$(BUILT_PRODUCTS_DIR)/GitRepoJson.app/GitRepoJson";
			};
			name = Release;
		};
		7E05318620924E6A00304C17 /* Debug */ = {
			isa = XCBuildConfiguration;
			buildSettings = {
				CODE_SIGN_STYLE = Automatic;
				INFOPLIST_FILE = GitRepoJsonUITests/Info.plist;
				LD_RUNPATH_SEARCH_PATHS = "$(inherited) @executable_path/Frameworks @loader_path/Frameworks";
				PRODUCT_BUNDLE_IDENTIFIER = com.tylerboudreau.GitRepoJsonUITests;
				PRODUCT_NAME = "$(TARGET_NAME)";
				TARGETED_DEVICE_FAMILY = "1,2";
				TEST_TARGET_NAME = GitRepoJson;
			};
			name = Debug;
		};
		7E05318720924E6A00304C17 /* Release */ = {
			isa = XCBuildConfiguration;
			buildSettings = {
				CODE_SIGN_STYLE = Automatic;
				INFOPLIST_FILE = GitRepoJsonUITests/Info.plist;
				LD_RUNPATH_SEARCH_PATHS = "$(inherited) @executable_path/Frameworks @loader_path/Frameworks";
				PRODUCT_BUNDLE_IDENTIFIER = com.tylerboudreau.GitRepoJsonUITests;
				PRODUCT_NAME = "$(TARGET_NAME)";
				TARGETED_DEVICE_FAMILY = "1,2";
				TEST_TARGET_NAME = GitRepoJson;
			};
			name = Release;
		};
/* End XCBuildConfiguration section */

/* Begin XCConfigurationList section */
		7E05314E20924E6900304C17 /* Build configuration list for PBXProject "GitRepoJson" */ = {
			isa = XCConfigurationList;
			buildConfigurations = (
				7E05317D20924E6A00304C17 /* Debug */,
				7E05317E20924E6A00304C17 /* Release */,
			);
			defaultConfigurationIsVisible = 0;
			defaultConfigurationName = Release;
		};
		7E05317F20924E6A00304C17 /* Build configuration list for PBXNativeTarget "GitRepoJson" */ = {
			isa = XCConfigurationList;
			buildConfigurations = (
				7E05318020924E6A00304C17 /* Debug */,
				7E05318120924E6A00304C17 /* Release */,
			);
			defaultConfigurationIsVisible = 0;
			defaultConfigurationName = Release;
		};
		7E05318220924E6A00304C17 /* Build configuration list for PBXNativeTarget "GitRepoJsonTests" */ = {
			isa = XCConfigurationList;
			buildConfigurations = (
				7E05318320924E6A00304C17 /* Debug */,
				7E05318420924E6A00304C17 /* Release */,
			);
			defaultConfigurationIsVisible = 0;
			defaultConfigurationName = Release;
		};
		7E05318520924E6A00304C17 /* Build configuration list for PBXNativeTarget "GitRepoJsonUITests" */ = {
			isa = XCConfigurationList;
			buildConfigurations = (
				7E05318620924E6A00304C17 /* Debug */,
				7E05318720924E6A00304C17 /* Release */,
			);
			defaultConfigurationIsVisible = 0;
			defaultConfigurationName = Release;
		};
/* End XCConfigurationList section */
	};
	rootObject = 7E05314B20924E6900304C17 /* Project object */;
}
